
Microsoft Visual Studio Solution File, Format Version 12.00
# Visual Studio Version 16
VisualStudioVersion = 16.0.31729.503
MinimumVisualStudioVersion = 10.0.40219.1
Project("{FAE04EC0-301F-11D3-BF4B-00C04F79EFBC}") = "CrudDistracom", "CrudDistracom\CrudDistracom.csproj", "{D13BB730-2CC5-4376-9B44-1B5D37DEDE62}"
EndProject
Project("{FAE04EC0-301F-11D3-BF4B-00C04F79EFBC}") = "CrudService", "CrudService\CrudService.csproj", "{B44E605C-77F0-4228-AC61-128A971E626F}"
EndProject
Project("{FAE04EC0-301F-11D3-BF4B-00C04F79EFBC}") = "CrudBLL", "CrudBLL\CrudBLL.csproj", "{E62CA827-2805-477A-B799-5C29EA6D631B}"
EndProject
Project("{FAE04EC0-301F-11D3-BF4B-00C04F79EFBC}") = "CrudData", "CrudData\CrudData.csproj", "{D05CD010-378B-474B-A69F-14A002647E07}"
EndProject
Project("{FAE04EC0-301F-11D3-BF4B-00C04F79EFBC}") = "CrudRepository", "CrudRepository\CrudRepository.csproj", "{740D87C6-F165-4AB1-A763-C38DF63C0C0C}"
EndProject
Global
	GlobalSection(SolutionConfigurationPlatforms) = preSolution
		Debug|Any CPU = Debug|Any CPU
		Release|Any CPU = Release|Any CPU
	EndGlobalSection
	GlobalSection(ProjectConfigurationPlatforms) = postSolution
		{D13BB730-2CC5-4376-9B44-1B5D37DEDE62}.Debug|Any CPU.ActiveCfg = Debug|Any CPU
		{D13BB730-2CC5-4376-9B44-1B5D37DEDE62}.Debug|Any CPU.Build.0 = Debug|Any CPU
		{D13BB730-2CC5-4376-9B44-1B5D37DEDE62}.Release|Any CPU.ActiveCfg = Release|Any CPU
		{D13BB730-2CC5-4376-9B44-1B5D37DEDE62}.Release|Any CPU.Build.0 = Release|Any CPU
		{B44E605C-77F0-4228-AC61-128A971E626F}.Debug|Any CPU.ActiveCfg = Debug|Any CPU
		{B44E605C-77F0-4228-AC61-128A971E626F}.Debug|Any CPU.Build.0 = Debug|Any CPU
		{B44E605C-77F0-4228-AC61-128A971E626F}.Release|Any CPU.ActiveCfg = Release|Any CPU
		{B44E605C-77F0-4228-AC61-128A971E626F}.Release|Any CPU.Build.0 = Release|Any CPU
		{E62CA827-2805-477A-B799-5C29EA6D631B}.Debug|Any CPU.ActiveCfg = Debug|Any CPU
		{E62CA827-2805-477A-B799-5C29EA6D631B}.Debug|Any CPU.Build.0 = Debug|Any CPU
		{E62CA827-2805-477A-B799-5C29EA6D631B}.Release|Any CPU.ActiveCfg = Release|Any CPU
		{E62CA827-2805-477A-B799-5C29EA6D631B}.Release|Any CPU.Build.0 = Release|Any CPU
		{D05CD010-378B-474B-A69F-14A002647E07}.Debug|Any CPU.ActiveCfg = Debug|Any CPU
		{D05CD010-378B-474B-A69F-14A002647E07}.Debug|Any CPU.Build.0 = Debug|Any CPU
		{D05CD010-378B-474B-A69F-14A002647E07}.Release|Any CPU.ActiveCfg = Release|Any CPU
		{D05CD010-378B-474B-A69F-14A002647E07}.Release|Any CPU.Build.0 = Release|Any CPU
		{740D87C6-F165-4AB1-A763-C38DF63C0C0C}.Debug|Any CPU.ActiveCfg = Debug|Any CPU
		{740D87C6-F165-4AB1-A763-C38DF63C0C0C}.Debug|Any CPU.Build.0 = Debug|Any CPU
		{740D87C6-F165-4AB1-A763-C38DF63C0C0C}.Release|Any CPU.ActiveCfg = Release|Any CPU
		{740D87C6-F165-4AB1-A763-C38DF63C0C0C}.Release|Any CPU.Build.0 = Release|Any CPU
	EndGlobalSection
	GlobalSection(SolutionProperties) = preSolution
		HideSolutionNode = FALSE
	EndGlobalSection
	GlobalSection(ExtensibilityGlobals) = postSolution
		SolutionGuid = {39DCC28A-CF57-4A77-A920-B5A00AFE3386}
	EndGlobalSection
EndGlobal
